{
  "version": 4,
  "terraform_version": "1.14.3",
  "serial": 3,
  "lineage": "37316d0f-c593-da82-9bce-5c8fc8b1a06b",
  "outputs": {},
  "resources": [
    {
      "mode": "managed",
      "type": "github_repository",
      "name": "sample-repo-terraform",
      "provider": "provider[\"registry.terraform.io/integrations/github\"]",
      "instances": [
        {
          "schema_version": 1,
          "attributes": {
            "allow_auto_merge": false,
            "allow_merge_commit": true,
            "allow_rebase_merge": true,
            "allow_squash_merge": true,
            "allow_update_branch": false,
            "archive_on_destroy": null,
            "archived": false,
            "auto_init": null,
            "default_branch": "main",
            "delete_branch_on_merge": false,
            "description": "This is just for terraform learning",
            "etag": "W/\"efc80c5a450017de8c4f34ce291819a1682122605d0d903eb1780ad545e0a5ec\"",
            "fork": "false",
            "full_name": "XcelevatorRamasubramaniyan/sample-repo-terraform",
            "git_clone_url": "git://github.com/XcelevatorRamasubramaniyan/sample-repo-terraform.git",
            "gitignore_template": null,
            "has_discussions": false,
            "has_downloads": false,
            "has_issues": false,
            "has_projects": false,
            "has_wiki": false,
            "homepage_url": "",
            "html_url": "https://github.com/XcelevatorRamasubramaniyan/sample-repo-terraform",
            "http_clone_url": "https://github.com/XcelevatorRamasubramaniyan/sample-repo-terraform.git",
            "id": "sample-repo-terraform",
            "ignore_vulnerability_alerts_during_read": null,
            "is_template": false,
            "license_template": null,
            "merge_commit_message": "PR_TITLE",
            "merge_commit_title": "MERGE_MESSAGE",
            "name": "sample-repo-terraform",
            "node_id": "R_kgDOQwft5Q",
            "pages": [],
            "primary_language": "",
            "private": true,
            "repo_id": 1124593125,
            "security_and_analysis": [],
            "source_owner": "",
            "source_repo": "",
            "squash_merge_commit_message": "COMMIT_MESSAGES",
            "squash_merge_commit_title": "COMMIT_OR_PR_TITLE",
            "ssh_clone_url": "git@github.com:XcelevatorRamasubramaniyan/sample-repo-terraform.git",
            "svn_url": "https://github.com/XcelevatorRamasubramaniyan/sample-repo-terraform",
            "template": [],
            "topics": [],
            "visibility": "private",
            "vulnerability_alerts": false,
            "web_commit_signoff_required": false
          },
          "sensitive_attributes": [],
          "identity_schema_version": 0,
          "private": "eyJzY2hlbWFfdmVyc2lvbiI6IjEifQ=="
        }
      ]
    }
  ],
  "check_results": null
}
